
Microsoft Visual Studio Solution File, Format Version 12.00
# Visual Studio Version 17
VisualStudioVersion = 17.8.34330.188
MinimumVisualStudioVersion = 10.0.40219.1
Project("{FAE04EC0-301F-11D3-BF4B-00C04F79EFBC}") = "WebApi", "WebApi\WebApi.csproj", "{26AAF0E3-F2A9-4F6F-97F2-B7548889387C}"
EndProject
Project("{FAE04EC0-301F-11D3-BF4B-00C04F79EFBC}") = "Persistence", "Persistence\Persistence.csproj", "{6916B31D-5E26-44BA-9C5C-C51A47897AE3}"
EndProject
Project("{FAE04EC0-301F-11D3-BF4B-00C04F79EFBC}") = "Domain", "Domain\Domain.csproj", "{1C112B4B-9F00-4CB8-8A1B-41FEDA8E578A}"
EndProject
Project("{FAE04EC0-301F-11D3-BF4B-00C04F79EFBC}") = "Application", "Application\Application.csproj", "{CD207F85-D75D-43A8-A47C-1FC3220B42C2}"
EndProject
Project("{FAE04EC0-301F-11D3-BF4B-00C04F79EFBC}") = "Infrastructure", "Infrastructure\Infrastructure.csproj", "{C8E34103-8C2F-434F-B3F1-5F0BA9111532}"
EndProject
Global
	GlobalSection(SolutionConfigurationPlatforms) = preSolution
		Debug|Any CPU = Debug|Any CPU
		Release|Any CPU = Release|Any CPU
	EndGlobalSection
	GlobalSection(ProjectConfigurationPlatforms) = postSolution
		{26AAF0E3-F2A9-4F6F-97F2-B7548889387C}.Debug|Any CPU.ActiveCfg = Debug|Any CPU
		{26AAF0E3-F2A9-4F6F-97F2-B7548889387C}.Debug|Any CPU.Build.0 = Debug|Any CPU
		{26AAF0E3-F2A9-4F6F-97F2-B7548889387C}.Release|Any CPU.ActiveCfg = Release|Any CPU
		{26AAF0E3-F2A9-4F6F-97F2-B7548889387C}.Release|Any CPU.Build.0 = Release|Any CPU
		{6916B31D-5E26-44BA-9C5C-C51A47897AE3}.Debug|Any CPU.ActiveCfg = Debug|Any CPU
		{6916B31D-5E26-44BA-9C5C-C51A47897AE3}.Debug|Any CPU.Build.0 = Debug|Any CPU
		{6916B31D-5E26-44BA-9C5C-C51A47897AE3}.Release|Any CPU.ActiveCfg = Release|Any CPU
		{6916B31D-5E26-44BA-9C5C-C51A47897AE3}.Release|Any CPU.Build.0 = Release|Any CPU
		{1C112B4B-9F00-4CB8-8A1B-41FEDA8E578A}.Debug|Any CPU.ActiveCfg = Debug|Any CPU
		{1C112B4B-9F00-4CB8-8A1B-41FEDA8E578A}.Debug|Any CPU.Build.0 = Debug|Any CPU
		{1C112B4B-9F00-4CB8-8A1B-41FEDA8E578A}.Release|Any CPU.ActiveCfg = Release|Any CPU
		{1C112B4B-9F00-4CB8-8A1B-41FEDA8E578A}.Release|Any CPU.Build.0 = Release|Any CPU
		{CD207F85-D75D-43A8-A47C-1FC3220B42C2}.Debug|Any CPU.ActiveCfg = Debug|Any CPU
		{CD207F85-D75D-43A8-A47C-1FC3220B42C2}.Debug|Any CPU.Build.0 = Debug|Any CPU
		{CD207F85-D75D-43A8-A47C-1FC3220B42C2}.Release|Any CPU.ActiveCfg = Release|Any CPU
		{CD207F85-D75D-43A8-A47C-1FC3220B42C2}.Release|Any CPU.Build.0 = Release|Any CPU
		{C8E34103-8C2F-434F-B3F1-5F0BA9111532}.Debug|Any CPU.ActiveCfg = Debug|Any CPU
		{C8E34103-8C2F-434F-B3F1-5F0BA9111532}.Debug|Any CPU.Build.0 = Debug|Any CPU
		{C8E34103-8C2F-434F-B3F1-5F0BA9111532}.Release|Any CPU.ActiveCfg = Release|Any CPU
		{C8E34103-8C2F-434F-B3F1-5F0BA9111532}.Release|Any CPU.Build.0 = Release|Any CPU
	EndGlobalSection
	GlobalSection(SolutionProperties) = preSolution
		HideSolutionNode = FALSE
	EndGlobalSection
	GlobalSection(ExtensibilityGlobals) = postSolution
		SolutionGuid = {4C8B6E2F-1A77-4AA1-A4D1-7A15CF3D4F01}
	EndGlobalSection
EndGlobal
